
Microsoft Visual Studio Solution File, Format Version 12.00
# Visual Studio Version 17
VisualStudioVersion = 17.5.002.0
MinimumVisualStudioVersion = 10.0.40219.1
Project("{9A19103F-16F7-4668-BE54-9A1E7A4F7556}") = "FunctionProj", "FunctionProj\FunctionProj.csproj", "{04C91D55-7AC9-48D3-9E09-C849CE2EF59F}"
EndProject
Global
	GlobalSection(SolutionConfigurationPlatforms) = preSolution
		Debug|Any CPU = Debug|Any CPU
		Release|Any CPU = Release|Any CPU
	EndGlobalSection
	GlobalSection(ProjectConfigurationPlatforms) = postSolution
		{04C91D55-7AC9-48D3-9E09-C849CE2EF59F}.Debug|Any CPU.ActiveCfg = Debug|Any CPU
		{04C91D55-7AC9-48D3-9E09-C849CE2EF59F}.Debug|Any CPU.Build.0 = Debug|Any CPU
		{04C91D55-7AC9-48D3-9E09-C849CE2EF59F}.Release|Any CPU.ActiveCfg = Release|Any CPU
		{04C91D55-7AC9-48D3-9E09-C849CE2EF59F}.Release|Any CPU.Build.0 = Release|Any CPU
	EndGlobalSection
	GlobalSection(SolutionProperties) = preSolution
		HideSolutionNode = FALSE
	EndGlobalSection
	GlobalSection(ExtensibilityGlobals) = postSolution
		SolutionGuid = {6E3237E1-7F88-4895-9618-8BAEE83884A9}
	EndGlobalSection
EndGlobal
